
Microsoft Visual Studio Solution File, Format Version 12.00
# Visual Studio Version 16
VisualStudioVersion = 16.0.31702.278
MinimumVisualStudioVersion = 10.0.40219.1
Project("{FAE04EC0-301F-11D3-BF4B-00C04F79EFBC}") = "PricingEngine", "PricingEngine\PricingEngine.csproj", "{F3833218-360B-4146-A620-1C817BE7BFF6}"
EndProject
Project("{FAE04EC0-301F-11D3-BF4B-00C04F79EFBC}") = "PricingEngineTests", "PricingEngineTests\PricingEngineTests.csproj", "{0EA35BBD-8DB7-45D6-BD66-135D3B2D80D7}"
EndProject
Global
	GlobalSection(SolutionConfigurationPlatforms) = preSolution
		Debug|Any CPU = Debug|Any CPU
		Release|Any CPU = Release|Any CPU
	EndGlobalSection
	GlobalSection(ProjectConfigurationPlatforms) = postSolution
		{F3833218-360B-4146-A620-1C817BE7BFF6}.Debug|Any CPU.ActiveCfg = Debug|Any CPU
		{F3833218-360B-4146-A620-1C817BE7BFF6}.Debug|Any CPU.Build.0 = Debug|Any CPU
		{F3833218-360B-4146-A620-1C817BE7BFF6}.Release|Any CPU.ActiveCfg = Release|Any CPU
		{F3833218-360B-4146-A620-1C817BE7BFF6}.Release|Any CPU.Build.0 = Release|Any CPU
		{0EA35BBD-8DB7-45D6-BD66-135D3B2D80D7}.Debug|Any CPU.ActiveCfg = Debug|Any CPU
		{0EA35BBD-8DB7-45D6-BD66-135D3B2D80D7}.Debug|Any CPU.Build.0 = Debug|Any CPU
		{0EA35BBD-8DB7-45D6-BD66-135D3B2D80D7}.Release|Any CPU.ActiveCfg = Release|Any CPU
		{0EA35BBD-8DB7-45D6-BD66-135D3B2D80D7}.Release|Any CPU.Build.0 = Release|Any CPU
	EndGlobalSection
	GlobalSection(SolutionProperties) = preSolution
		HideSolutionNode = FALSE
	EndGlobalSection
	GlobalSection(ExtensibilityGlobals) = postSolution
		SolutionGuid = {B43127EB-F12A-4B55-9F6C-7AC926692720}
	EndGlobalSection
EndGlobal
